
Microsoft Visual Studio Solution File, Format Version 12.00
# Visual Studio Version 17
VisualStudioVersion = 17.11.35219.272
MinimumVisualStudioVersion = 10.0.40219.1
Project("{FAE04EC0-301F-11D3-BF4B-00C04F79EFBC}") = "Software Architecture", "Software Architecture.csproj", "{2B0580B4-CEE0-410E-BAC0-6E64FEB97BEF}"
EndProject
Global
	GlobalSection(SolutionConfigurationPlatforms) = preSolution
		Debug|Any CPU = Debug|Any CPU
		Release|Any CPU = Release|Any CPU
	EndGlobalSection
	GlobalSection(ProjectConfigurationPlatforms) = postSolution
		{2B0580B4-CEE0-410E-BAC0-6E64FEB97BEF}.Debug|Any CPU.ActiveCfg = Debug|Any CPU
		{2B0580B4-CEE0-410E-BAC0-6E64FEB97BEF}.Debug|Any CPU.Build.0 = Debug|Any CPU
		{2B0580B4-CEE0-410E-BAC0-6E64FEB97BEF}.Release|Any CPU.ActiveCfg = Release|Any CPU
		{2B0580B4-CEE0-410E-BAC0-6E64FEB97BEF}.Release|Any CPU.Build.0 = Release|Any CPU
	EndGlobalSection
	GlobalSection(SolutionProperties) = preSolution
		HideSolutionNode = FALSE
	EndGlobalSection
	GlobalSection(ExtensibilityGlobals) = postSolution
		SolutionGuid = {5D25B1D2-1A27-43E7-B990-3B39A06216C6}
	EndGlobalSection
EndGlobal
